
Microsoft Visual Studio Solution File, Format Version 12.00
# Visual Studio Version 17
VisualStudioVersion = 17.11.35222.181
MinimumVisualStudioVersion = 10.0.40219.1
Project("{8BC9CEB8-8B4A-11D0-8D11-00A0C91BC942}") = "Activity1_Basic_Data_Types_and_Variable", "Activity1_Basic_Data_Types_and_Variable.vcxproj", "{8D45F195-4891-48EA-B72C-8E68C1E9C329}"
EndProject
Global
	GlobalSection(SolutionConfigurationPlatforms) = preSolution
		Debug|x64 = Debug|x64
		Debug|x86 = Debug|x86
		Release|x64 = Release|x64
		Release|x86 = Release|x86
	EndGlobalSection
	GlobalSection(ProjectConfigurationPlatforms) = postSolution
		{8D45F195-4891-48EA-B72C-8E68C1E9C329}.Debug|x64.ActiveCfg = Debug|x64
		{8D45F195-4891-48EA-B72C-8E68C1E9C329}.Debug|x64.Build.0 = Debug|x64
		{8D45F195-4891-48EA-B72C-8E68C1E9C329}.Debug|x86.ActiveCfg = Debug|Win32
		{8D45F195-4891-48EA-B72C-8E68C1E9C329}.Debug|x86.Build.0 = Debug|Win32
		{8D45F195-4891-48EA-B72C-8E68C1E9C329}.Release|x64.ActiveCfg = Release|x64
		{8D45F195-4891-48EA-B72C-8E68C1E9C329}.Release|x64.Build.0 = Release|x64
		{8D45F195-4891-48EA-B72C-8E68C1E9C329}.Release|x86.ActiveCfg = Release|Win32
		{8D45F195-4891-48EA-B72C-8E68C1E9C329}.Release|x86.Build.0 = Release|Win32
	EndGlobalSection
	GlobalSection(SolutionProperties) = preSolution
		HideSolutionNode = FALSE
	EndGlobalSection
	GlobalSection(ExtensibilityGlobals) = postSolution
		SolutionGuid = {5F898C2E-E428-46ED-AC37-8AF04C89ABC9}
	EndGlobalSection
EndGlobal
