
Microsoft Visual Studio Solution File, Format Version 12.00
# Visual Studio Version 17
VisualStudioVersion = 17.11.35222.181
MinimumVisualStudioVersion = 10.0.40219.1
Project("{8BC9CEB8-8B4A-11D0-8D11-00A0C91BC942}") = "Activiy3_Odd_or_Even", "Activiy3_Odd_or_Even.vcxproj", "{388CEF9E-9454-46FE-9335-70F4D7CA73CC}"
EndProject
Global
	GlobalSection(SolutionConfigurationPlatforms) = preSolution
		Debug|x64 = Debug|x64
		Debug|x86 = Debug|x86
		Release|x64 = Release|x64
		Release|x86 = Release|x86
	EndGlobalSection
	GlobalSection(ProjectConfigurationPlatforms) = postSolution
		{388CEF9E-9454-46FE-9335-70F4D7CA73CC}.Debug|x64.ActiveCfg = Debug|x64
		{388CEF9E-9454-46FE-9335-70F4D7CA73CC}.Debug|x64.Build.0 = Debug|x64
		{388CEF9E-9454-46FE-9335-70F4D7CA73CC}.Debug|x86.ActiveCfg = Debug|Win32
		{388CEF9E-9454-46FE-9335-70F4D7CA73CC}.Debug|x86.Build.0 = Debug|Win32
		{388CEF9E-9454-46FE-9335-70F4D7CA73CC}.Release|x64.ActiveCfg = Release|x64
		{388CEF9E-9454-46FE-9335-70F4D7CA73CC}.Release|x64.Build.0 = Release|x64
		{388CEF9E-9454-46FE-9335-70F4D7CA73CC}.Release|x86.ActiveCfg = Release|Win32
		{388CEF9E-9454-46FE-9335-70F4D7CA73CC}.Release|x86.Build.0 = Release|Win32
	EndGlobalSection
	GlobalSection(SolutionProperties) = preSolution
		HideSolutionNode = FALSE
	EndGlobalSection
	GlobalSection(ExtensibilityGlobals) = postSolution
		SolutionGuid = {3282231A-7888-4EF2-A6BE-F57ADA1B1DF9}
	EndGlobalSection
EndGlobal
